// !$*UTF8*$!
{
	archiveVersion = 1;
	classes = {
	};
	objectVersion = 50;
	objects = {

/* Begin PBXBuildFile section */
		1E199F952466CE25002D9E71 /* ScriptExamples.swift in Sources */ = {isa = PBXBuildFile; fileRef = 1E199F942466CE25002D9E71 /* ScriptExamples.swift */; };
		1E199F972466DD58002D9E71 /* WrittenScriptsViewController.swift in Sources */ = {isa = PBXBuildFile; fileRef = 1E199F962466DD58002D9E71 /* WrittenScriptsViewController.swift */; };
		1E34481324213FA400242FA9 /* AppDelegate.swift in Sources */ = {isa = PBXBuildFile; fileRef = 1E34481224213FA400242FA9 /* AppDelegate.swift */; };
		1E34481524213FA400242FA9 /* ViewController.swift in Sources */ = {isa = PBXBuildFile; fileRef = 1E34481424213FA400242FA9 /* ViewController.swift */; };
		1E34481824213FA400242FA9 /* Main.storyboard in Resources */ = {isa = PBXBuildFile; fileRef = 1E34481624213FA400242FA9 /* Main.storyboard */; };
		1E34481A24213FA500242FA9 /* Assets.xcassets in Resources */ = {isa = PBXBuildFile; fileRef = 1E34481924213FA500242FA9 /* Assets.xcassets */; };
		1E34481D24213FA500242FA9 /* LaunchScreen.storyboard in Resources */ = {isa = PBXBuildFile; fileRef = 1E34481B24213FA500242FA9 /* LaunchScreen.storyboard */; };
		1E34482B242141EC00242FA9 /* Media.xcassets in Resources */ = {isa = PBXBuildFile; fileRef = 1E34482A242141EC00242FA9 /* Media.xcassets */; };
		1E34482D242141EC00242FA9 /* ActionViewController.swift in Sources */ = {isa = PBXBuildFile; fileRef = 1E34482C242141EC00242FA9 /* ActionViewController.swift */; };
		1E344830242141EC00242FA9 /* MainInterface.storyboard in Resources */ = {isa = PBXBuildFile; fileRef = 1E34482E242141EC00242FA9 /* MainInterface.storyboard */; };
		1E344834242141EC00242FA9 /* Extension.appex in Embed App Extensions */ = {isa = PBXBuildFile; fileRef = 1E344828242141EC00242FA9 /* Extension.appex */; settings = {ATTRIBUTES = (RemoveHeadersOnCopy, ); }; };
		1E34483A242146EA00242FA9 /* Action.js in Resources */ = {isa = PBXBuildFile; fileRef = 1E344839242146EA00242FA9 /* Action.js */; };
/* End PBXBuildFile section */

/* Begin PBXContainerItemProxy section */
		1E344832242141EC00242FA9 /* PBXContainerItemProxy */ = {
			isa = PBXContainerItemProxy;
			containerPortal = 1E34480724213FA400242FA9 /* Project object */;
			proxyType = 1;
			remoteGlobalIDString = 1E344827242141EC00242FA9;
			remoteInfo = Extension;
		};
/* End PBXContainerItemProxy section */

/* Begin PBXCopyFilesBuildPhase section */
		1E344838242141EC00242FA9 /* Embed App Extensions */ = {
			isa = PBXCopyFilesBuildPhase;
			buildActionMask = 2147483647;
			dstPath = "";
			dstSubfolderSpec = 13;
			files = (
				1E344834242141EC00242FA9 /* Extension.appex in Embed App Extensions */,
			);
			name = "Embed App Extensions";
			runOnlyForDeploymentPostprocessing = 0;
		};
/* End PBXCopyFilesBuildPhase section */

/* Begin PBXFileReference section */
		1E199F942466CE25002D9E71 /* ScriptExamples.swift */ = {isa = PBXFileReference; fileEncoding = 4; lastKnownFileType = sourcecode.swift; path = ScriptExamples.swift; sourceTree = "<group>"; };
		1E199F962466DD58002D9E71 /* WrittenScriptsViewController.swift */ = {isa = PBXFileReference; lastKnownFileType = sourcecode.swift; path = WrittenScriptsViewController.swift; sourceTree = "<group>"; };
		1E34480F24213FA400242FA9 /* Project19.app */ = {isa = PBXFileReference; explicitFileType = wrapper.application; includeInIndex = 0; path = Project19.app; sourceTree = BUILT_PRODUCTS_DIR; };
		1E34481224213FA400242FA9 /* AppDelegate.swift */ = {isa = PBXFileReference; lastKnownFileType = sourcecode.swift; path = AppDelegate.swift; sourceTree = "<group>"; };
		1E34481424213FA400242FA9 /* ViewController.swift */ = {isa = PBXFileReference; lastKnownFileType = sourcecode.swift; path = ViewController.swift; sourceTree = "<group>"; };
		1E34481724213FA400242FA9 /* Base */ = {isa = PBXFileReference; lastKnownFileType = file.storyboard; name = Base; path = Base.lproj/Main.storyboard; sourceTree = "<group>"; };
		1E34481924213FA500242FA9 /* Assets.xcassets */ = {isa = PBXFileReference; lastKnownFileType = folder.assetcatalog; path = Assets.xcassets; sourceTree = "<group>"; };
		1E34481C24213FA500242FA9 /* Base */ = {isa = PBXFileReference; lastKnownFileType = file.storyboard; name = Base; path = Base.lproj/LaunchScreen.storyboard; sourceTree = "<group>"; };
		1E34481E24213FA500242FA9 /* Info.plist */ = {isa = PBXFileReference; lastKnownFileType = text.plist.xml; path = Info.plist; sourceTree = "<group>"; };
		1E344828242141EC00242FA9 /* Extension.appex */ = {isa = PBXFileReference; explicitFileType = "wrapper.app-extension"; includeInIndex = 0; path = Extension.appex; sourceTree = BUILT_PRODUCTS_DIR; };
		1E34482A242141EC00242FA9 /* Media.xcassets */ = {isa = PBXFileReference; lastKnownFileType = folder.assetcatalog; path = Media.xcassets; sourceTree = "<group>"; };
		1E34482C242141EC00242FA9 /* ActionViewController.swift */ = {isa = PBXFileReference; lastKnownFileType = sourcecode.swift; path = ActionViewController.swift; sourceTree = "<group>"; };
		1E34482F242141EC00242FA9 /* Base */ = {isa = PBXFileReference; lastKnownFileType = file.storyboard; name = Base; path = Base.lproj/MainInterface.storyboard; sourceTree = "<group>"; };
		1E344831242141EC00242FA9 /* Info.plist */ = {isa = PBXFileReference; lastKnownFileType = text.plist.xml; path = Info.plist; sourceTree = "<group>"; };
		1E344839242146EA00242FA9 /* Action.js */ = {isa = PBXFileReference; lastKnownFileType = sourcecode.javascript; path = Action.js; sourceTree = "<group>"; };
/* End PBXFileReference section */

/* Begin PBXFrameworksBuildPhase section */
		1E34480C24213FA400242FA9 /* Frameworks */ = {
			isa = PBXFrameworksBuildPhase;
			buildActionMask = 2147483647;
			files = (
			);
			runOnlyForDeploymentPostprocessing = 0;
		};
		1E344825242141EC00242FA9 /* Frameworks */ = {
			isa = PBXFrameworksBuildPhase;
			buildActionMask = 2147483647;
			files = (
			);
			runOnlyForDeploymentPostprocessing = 0;
		};
/* End PBXFrameworksBuildPhase section */

/* Begin PBXGroup section */
		1E34480624213FA400242FA9 = {
			isa = PBXGroup;
			children = (
				1E34481124213FA400242FA9 /* Project19 */,
				1E344829242141EC00242FA9 /* Extension */,
				1E34481024213FA400242FA9 /* Products */,
			);
			sourceTree = "<group>";
		};
		1E34481024213FA400242FA9 /* Products */ = {
			isa = PBXGroup;
			children = (
				1E34480F24213FA400242FA9 /* Project19.app */,
				1E344828242141EC00242FA9 /* Extension.appex */,
			);
			name = Products;
			sourceTree = "<group>";
		};
		1E34481124213FA400242FA9 /* Project19 */ = {
			isa = PBXGroup;
			children = (
				1E34481224213FA400242FA9 /* AppDelegate.swift */,
				1E34481424213FA400242FA9 /* ViewController.swift */,
				1E34481624213FA400242FA9 /* Main.storyboard */,
				1E34481924213FA500242FA9 /* Assets.xcassets */,
				1E34481B24213FA500242FA9 /* LaunchScreen.storyboard */,
				1E34481E24213FA500242FA9 /* Info.plist */,
			);
			path = Project19;
			sourceTree = "<group>";
		};
		1E344829242141EC00242FA9 /* Extension */ = {
			isa = PBXGroup;
			children = (
				1E34482A242141EC00242FA9 /* Media.xcassets */,
				1E34482C242141EC00242FA9 /* ActionViewController.swift */,
				1E199F962466DD58002D9E71 /* WrittenScriptsViewController.swift */,
				1E199F942466CE25002D9E71 /* ScriptExamples.swift */,
				1E34482E242141EC00242FA9 /* MainInterface.storyboard */,
				1E344831242141EC00242FA9 /* Info.plist */,
				1E344839242146EA00242FA9 /* Action.js */,
			);
			path = Extension;
			sourceTree = "<group>";
		};
/* End PBXGroup section */

/* Begin PBXNativeTarget section */
		1E34480E24213FA400242FA9 /* Project19 */ = {
			isa = PBXNativeTarget;
			buildConfigurationList = 1E34482124213FA500242FA9 /* Build configuration list for PBXNativeTarget "Project19" */;
			buildPhases = (
				1E34480B24213FA400242FA9 /* Sources */,
				1E34480C24213FA400242FA9 /* Frameworks */,
				1E34480D24213FA400242FA9 /* Resources */,
				1E344838242141EC00242FA9 /* Embed App Extensions */,
			);
			buildRules = (
			);
			dependencies = (
				1E344833242141EC00242FA9 /* PBXTargetDependency */,
			);
			name = Project19;
			productName = Project19;
			productReference = 1E34480F24213FA400242FA9 /* Project19.app */;
			productType = "com.apple.product-type.application";
		};
		1E344827242141EC00242FA9 /* Extension */ = {
			isa = PBXNativeTarget;
			buildConfigurationList = 1E344835242141EC00242FA9 /* Build configuration list for PBXNativeTarget "Extension" */;
			buildPhases = (
				1E344824242141EC00242FA9 /* Sources */,
				1E344825242141EC00242FA9 /* Frameworks */,
				1E344826242141EC00242FA9 /* Resources */,
			);
			buildRules = (
			);
			dependencies = (
			);
			name = Extension;
			productName = Extension;
			productReference = 1E344828242141EC00242FA9 /* Extension.appex */;
			productType = "com.apple.product-type.app-extension";
		};
/* End PBXNativeTarget section */

/* Begin PBXProject section */
		1E34480724213FA400242FA9 /* Project object */ = {
			isa = PBXProject;
			attributes = {
				LastSwiftUpdateCheck = 1020;
				LastUpgradeCheck = 1020;
				ORGANIZATIONNAME = "Ashraf Dewan";
				TargetAttributes = {
					1E34480E24213FA400242FA9 = {
						CreatedOnToolsVersion = 10.2;
					};
					1E344827242141EC00242FA9 = {
						CreatedOnToolsVersion = 10.2;
					};
				};
			};
			buildConfigurationList = 1E34480A24213FA400242FA9 /* Build configuration list for PBXProject "Project19" */;
			compatibilityVersion = "Xcode 9.3";
			developmentRegion = en;
			hasScannedForEncodings = 0;
			knownRegions = (
				en,
				Base,
			);
			mainGroup = 1E34480624213FA400242FA9;
			productRefGroup = 1E34481024213FA400242FA9 /* Products */;
			projectDirPath = "";
			projectRoot = "";
			targets = (
				1E34480E24213FA400242FA9 /* Project19 */,
				1E344827242141EC00242FA9 /* Extension */,
			);
		};
/* End PBXProject section */

/* Begin PBXResourcesBuildPhase section */
		1E34480D24213FA400242FA9 /* Resources */ = {
			isa = PBXResourcesBuildPhase;
			buildActionMask = 2147483647;
			files = (
				1E34481D24213FA500242FA9 /* LaunchScreen.storyboard in Resources */,
				1E34481A24213FA500242FA9 /* Assets.xcassets in Resources */,
				1E34481824213FA400242FA9 /* Main.storyboard in Resources */,
			);
			runOnlyForDeploymentPostprocessing = 0;
		};
		1E344826242141EC00242FA9 /* Resources */ = {
			isa = PBXResourcesBuildPhase;
			buildActionMask = 2147483647;
			files = (
				1E34483A242146EA00242FA9 /* Action.js in Resources */,
				1E34482B242141EC00242FA9 /* Media.xcassets in Resources */,
				1E344830242141EC00242FA9 /* MainInterface.storyboard in Resources */,
			);
			runOnlyForDeploymentPostprocessing = 0;
		};
/* End PBXResourcesBuildPhase section */

/* Begin PBXSourcesBuildPhase section */
		1E34480B24213FA400242FA9 /* Sources */ = {
			isa = PBXSourcesBuildPhase;
			buildActionMask = 2147483647;
			files = (
				1E34481524213FA400242FA9 /* ViewController.swift in Sources */,
				1E34481324213FA400242FA9 /* AppDelegate.swift in Sources */,
			);
			runOnlyForDeploymentPostprocessing = 0;
		};
		1E344824242141EC00242FA9 /* Sources */ = {
			isa = PBXSourcesBuildPhase;
			buildActionMask = 2147483647;
			files = (
				1E34482D242141EC00242FA9 /* ActionViewController.swift in Sources */,
				1E199F952466CE25002D9E71 /* ScriptExamples.swift in Sources */,
				1E199F972466DD58002D9E71 /* WrittenScriptsViewController.swift in Sources */,
			);
			runOnlyForDeploymentPostprocessing = 0;
		};
/* End PBXSourcesBuildPhase section */

/* Begin PBXTargetDependency section */
		1E344833242141EC00242FA9 /* PBXTargetDependency */ = {
			isa = PBXTargetDependency;
			target = 1E344827242141EC00242FA9 /* Extension */;
			targetProxy = 1E344832242141EC00242FA9 /* PBXContainerItemProxy */;
		};
/* End PBXTargetDependency section */

/* Begin PBXVariantGroup section */
		1E34481624213FA400242FA9 /* Main.storyboard */ = {
			isa = PBXVariantGroup;
			children = (
				1E34481724213FA400242FA9 /* Base */,
			);
			name = Main.storyboard;
			sourceTree = "<group>";
		};
		1E34481B24213FA500242FA9 /* LaunchScreen.storyboard */ = {
			isa = PBXVariantGroup;
			children = (
				1E34481C24213FA500242FA9 /* Base */,
			);
			name = LaunchScreen.storyboard;
			sourceTree = "<group>";
		};
		1E34482E242141EC00242FA9 /* MainInterface.storyboard */ = {
			isa = PBXVariantGroup;
			children = (
				1E34482F242141EC00242FA9 /* Base */,
			);
			name = MainInterface.storyboard;
			sourceTree = "<group>";
		};
/* End PBXVariantGroup section */

/* Begin XCBuildConfiguration section */
		1E34481F24213FA500242FA9 /* Debug */ = {
			isa = XCBuildConfiguration;
			buildSettings = {
				ALWAYS_SEARCH_USER_PATHS = NO;
				CLANG_ANALYZER_NONNULL = YES;
				CLANG_ANALYZER_NUMBER_OBJECT_CONVERSION = YES_AGGRESSIVE;
				CLANG_CXX_LANGUAGE_STANDARD = "gnu++14";
				CLANG_CXX_LIBRARY = "libc++";
				CLANG_ENABLE_MODULES = YES;
				CLANG_ENABLE_OBJC_ARC = YES;
				CLANG_ENABLE_OBJC_WEAK = YES;
				CLANG_WARN_BLOCK_CAPTURE_AUTORELEASING = YES;
				CLANG_WARN_BOOL_CONVERSION = YES;
				CLANG_WARN_COMMA = YES;
				CLANG_WARN_CONSTANT_CONVERSION = YES;
				CLANG_WARN_DEPRECATED_OBJC_IMPLEMENTATIONS = YES;
				CLANG_WARN_DIRECT_OBJC_ISA_USAGE = YES_ERROR;
				CLANG_WARN_DOCUMENTATION_COMMENTS = YES;
				CLANG_WARN_EMPTY_BODY = YES;
				CLANG_WARN_ENUM_CONVERSION = YES;
				CLANG_WARN_INFINITE_RECURSION = YES;
				CLANG_WARN_INT_CONVERSION = YES;
				CLANG_WARN_NON_LITERAL_NULL_CONVERSION = YES;
				CLANG_WARN_OBJC_IMPLICIT_RETAIN_SELF = YES;
				CLANG_WARN_OBJC_LITERAL_CONVERSION = YES;
				CLANG_WARN_OBJC_ROOT_CLASS = YES_ERROR;
				CLANG_WARN_RANGE_LOOP_ANALYSIS = YES;
				CLANG_WARN_STRICT_PROTOTYPES = YES;
				CLANG_WARN_SUSPICIOUS_MOVE = YES;
				CLANG_WARN_UNGUARDED_AVAILABILITY = YES_AGGRESSIVE;
				CLANG_WARN_UNREACHABLE_CODE = YES;
				CLANG_WARN__DUPLICATE_METHOD_MATCH = YES;
				CODE_SIGN_IDENTITY = "iPhone Developer";
				COPY_PHASE_STRIP = NO;
				DEBUG_INFORMATION_FORMAT = dwarf;
				ENABLE_STRICT_OBJC_MSGSEND = YES;
				ENABLE_TESTABILITY = YES;
				GCC_C_LANGUAGE_STANDARD = gnu11;
				GCC_DYNAMIC_NO_PIC = NO;
				GCC_NO_COMMON_BLOCKS = YES;
				GCC_OPTIMIZATION_LEVEL = 0;
				GCC_PREPROCESSOR_DEFINITIONS = (
					"DEBUG=1",
					"$(inherited)",
				);
				GCC_WARN_64_TO_32_BIT_CONVERSION = YES;
				GCC_WARN_ABOUT_RETURN_TYPE = YES_ERROR;
				GCC_WARN_UNDECLARED_SELECTOR = YES;
				GCC_WARN_UNINITIALIZED_AUTOS = YES_AGGRESSIVE;
				GCC_WARN_UNUSED_FUNCTION = YES;
				GCC_WARN_UNUSED_VARIABLE = YES;
				IPHONEOS_DEPLOYMENT_TARGET = 12.2;
				MTL_ENABLE_DEBUG_INFO = INCLUDE_SOURCE;
				MTL_FAST_MATH = YES;
				ONLY_ACTIVE_ARCH = YES;
				SDKROOT = iphoneos;
				SWIFT_ACTIVE_COMPILATION_CONDITIONS = DEBUG;
				SWIFT_OPTIMIZATION_LEVEL = "-Onone";
			};
			name = Debug;
		};
		1E34482024213FA500242FA9 /* Release */ = {
			isa = XCBuildConfiguration;
			buildSettings = {
				ALWAYS_SEARCH_USER_PATHS = NO;
				CLANG_ANALYZER_NONNULL = YES;
				CLANG_ANALYZER_NUMBER_OBJECT_CONVERSION = YES_AGGRESSIVE;
				CLANG_CXX_LANGUAGE_STANDARD = "gnu++14";
				CLANG_CXX_LIBRARY = "libc++";
				CLANG_ENABLE_MODULES = YES;
				CLANG_ENABLE_OBJC_ARC = YES;
				CLANG_ENABLE_OBJC_WEAK = YES;
				CLANG_WARN_BLOCK_CAPTURE_AUTORELEASING = YES;
				CLANG_WARN_BOOL_CONVERSION = YES;
				CLANG_WARN_COMMA = YES;
				CLANG_WARN_CONSTANT_CONVERSION = YES;
				CLANG_WARN_DEPRECATED_OBJC_IMPLEMENTATIONS = YES;
				CLANG_WARN_DIRECT_OBJC_ISA_USAGE = YES_ERROR;
				CLANG_WARN_DOCUMENTATION_COMMENTS = YES;
				CLANG_WARN_EMPTY_BODY = YES;
				CLANG_WARN_ENUM_CONVERSION = YES;
				CLANG_WARN_INFINITE_RECURSION = YES;
				CLANG_WARN_INT_CONVERSION = YES;
				CLANG_WARN_NON_LITERAL_NULL_CONVERSION = YES;
				CLANG_WARN_OBJC_IMPLICIT_RETAIN_SELF = YES;
				CLANG_WARN_OBJC_LITERAL_CONVERSION = YES;
				CLANG_WARN_OBJC_ROOT_CLASS = YES_ERROR;
				CLANG_WARN_RANGE_LOOP_ANALYSIS = YES;
				CLANG_WARN_STRICT_PROTOTYPES = YES;
				CLANG_WARN_SUSPICIOUS_MOVE = YES;
				CLANG_WARN_UNGUARDED_AVAILABILITY = YES_AGGRESSIVE;
				CLANG_WARN_UNREACHABLE_CODE = YES;
				CLANG_WARN__DUPLICATE_METHOD_MATCH = YES;
				CODE_SIGN_IDENTITY = "iPhone Developer";
				COPY_PHASE_STRIP = NO;
				DEBUG_INFORMATION_FORMAT = "dwarf-with-dsym";
				ENABLE_NS_ASSERTIONS = NO;
				ENABLE_STRICT_OBJC_MSGSEND = YES;
				GCC_C_LANGUAGE_STANDARD = gnu11;
				GCC_NO_COMMON_BLOCKS = YES;
				GCC_WARN_64_TO_32_BIT_CONVERSION = YES;
				GCC_WARN_ABOUT_RETURN_TYPE = YES_ERROR;
				GCC_WARN_UNDECLARED_SELECTOR = YES;
				GCC_WARN_UNINITIALIZED_AUTOS = YES_AGGRESSIVE;
				GCC_WARN_UNUSED_FUNCTION = YES;
				GCC_WARN_UNUSED_VARIABLE = YES;
				IPHONEOS_DEPLOYMENT_TARGET = 12.2;
				MTL_ENABLE_DEBUG_INFO = NO;
				MTL_FAST_MATH = YES;
				SDKROOT = iphoneos;
				SWIFT_COMPILATION_MODE = wholemodule;
				SWIFT_OPTIMIZATION_LEVEL = "-O";
				VALIDATE_PRODUCT = YES;
			};
			name = Release;
		};
		1E34482224213FA500242FA9 /* Debug */ = {
			isa = XCBuildConfiguration;
			buildSettings = {
				ALWAYS_EMBED_SWIFT_STANDARD_LIBRARIES = YES;
				ASSETCATALOG_COMPILER_APPICON_NAME = AppIcon;
				CODE_SIGN_STYLE = Automatic;
				DEVELOPMENT_TEAM = 67W2V2Z628;
				INFOPLIST_FILE = Project19/Info.plist;
				LD_RUNPATH_SEARCH_PATHS = (
					"$(inherited)",
					"@executable_path/Frameworks",
				);
				PRODUCT_BUNDLE_IDENTIFIER = com.example.Project19;
				PRODUCT_NAME = "$(TARGET_NAME)";
				SWIFT_VERSION = 5.0;
				TARGETED_DEVICE_FAMILY = "1,2";
			};
			name = Debug;
		};
		1E34482324213FA500242FA9 /* Release */ = {
			isa = XCBuildConfiguration;
			buildSettings = {
				ALWAYS_EMBED_SWIFT_STANDARD_LIBRARIES = YES;
				ASSETCATALOG_COMPILER_APPICON_NAME = AppIcon;
				CODE_SIGN_STYLE = Automatic;
				DEVELOPMENT_TEAM = 67W2V2Z628;
				INFOPLIST_FILE = Project19/Info.plist;
				LD_RUNPATH_SEARCH_PATHS = (
					"$(inherited)",
					"@executable_path/Frameworks",
				);
				PRODUCT_BUNDLE_IDENTIFIER = com.example.Project19;
				PRODUCT_NAME = "$(TARGET_NAME)";
				SWIFT_VERSION = 5.0;
				TARGETED_DEVICE_FAMILY = "1,2";
			};
			name = Release;
		};
		1E344836242141EC00242FA9 /* Debug */ = {
			isa = XCBuildConfiguration;
			buildSettings = {
				CODE_SIGN_STYLE = Automatic;
				DEVELOPMENT_TEAM = "";
				INFOPLIST_FILE = Extension/Info.plist;
				LD_RUNPATH_SEARCH_PATHS = (
					"$(inherited)",
					"@executable_path/Frameworks",
					"@executable_path/../../Frameworks",
				);
				PRODUCT_BUNDLE_IDENTIFIER = com.example.Project19.Extension;
				PRODUCT_NAME = "$(TARGET_NAME)";
				SKIP_INSTALL = YES;
				SWIFT_VERSION = 5.0;
				TARGETED_DEVICE_FAMILY = "1,2";
			};
			name = Debug;
		};
		1E344837242141EC00242FA9 /* Release */ = {
			isa = XCBuildConfiguration;
			buildSettings = {
				CODE_SIGN_STYLE = Automatic;
				DEVELOPMENT_TEAM = "";
				INFOPLIST_FILE = Extension/Info.plist;
				LD_RUNPATH_SEARCH_PATHS = (
					"$(inherited)",
					"@executable_path/Frameworks",
					"@executable_path/../../Frameworks",
				);
				PRODUCT_BUNDLE_IDENTIFIER = com.example.Project19.Extension;
				PRODUCT_NAME = "$(TARGET_NAME)";
				SKIP_INSTALL = YES;
				SWIFT_VERSION = 5.0;
				TARGETED_DEVICE_FAMILY = "1,2";
			};
			name = Release;
		};
/* End XCBuildConfiguration section */

/* Begin XCConfigurationList section */
		1E34480A24213FA400242FA9 /* Build configuration list for PBXProject "Project19" */ = {
			isa = XCConfigurationList;
			buildConfigurations = (
				1E34481F24213FA500242FA9 /* Debug */,
				1E34482024213FA500242FA9 /* Release */,
			);
			defaultConfigurationIsVisible = 0;
			defaultConfigurationName = Release;
		};
		1E34482124213FA500242FA9 /* Build configuration list for PBXNativeTarget "Project19" */ = {
			isa = XCConfigurationList;
			buildConfigurations = (
				1E34482224213FA500242FA9 /* Debug */,
				1E34482324213FA500242FA9 /* Release */,
			);
			defaultConfigurationIsVisible = 0;
			defaultConfigurationName = Release;
		};
		1E344835242141EC00242FA9 /* Build configuration list for PBXNativeTarget "Extension" */ = {
			isa = XCConfigurationList;
			buildConfigurations = (
				1E344836242141EC00242FA9 /* Debug */,
				1E344837242141EC00242FA9 /* Release */,
			);
			defaultConfigurationIsVisible = 0;
			defaultConfigurationName = Release;
		};
/* End XCConfigurationList section */
	};
	rootObject = 1E34480724213FA400242FA9 /* Project object */;
}
