// !$*UTF8*$!
{
	archiveVersion = 1;
	classes = {
	};
	objectVersion = 50;
	objects = {

/* Begin PBXBuildFile section */
		1E079E0B2434E50A00F95DCB /* AppDelegate.swift in Sources */ = {isa = PBXBuildFile; fileRef = 1E079E0A2434E50A00F95DCB /* AppDelegate.swift */; };
		1E079E0D2434E50A00F95DCB /* ViewController.swift in Sources */ = {isa = PBXBuildFile; fileRef = 1E079E0C2434E50A00F95DCB /* ViewController.swift */; };
		1E079E102434E50A00F95DCB /* Main.storyboard in Resources */ = {isa = PBXBuildFile; fileRef = 1E079E0E2434E50A00F95DCB /* Main.storyboard */; };
		1E079E122434E50B00F95DCB /* Assets.xcassets in Resources */ = {isa = PBXBuildFile; fileRef = 1E079E112434E50B00F95DCB /* Assets.xcassets */; };
		1E079E152434E50B00F95DCB /* LaunchScreen.storyboard in Resources */ = {isa = PBXBuildFile; fileRef = 1E079E132434E50B00F95DCB /* LaunchScreen.storyboard */; };
		1E1FFDE8243B8D100068B0CF /* KeychainWrapper.swift in Sources */ = {isa = PBXBuildFile; fileRef = 1E1FFDE6243B8D100068B0CF /* KeychainWrapper.swift */; };
		1E1FFDE9243B8D100068B0CF /* KeychainItemAccessibility.swift in Sources */ = {isa = PBXBuildFile; fileRef = 1E1FFDE7243B8D100068B0CF /* KeychainItemAccessibility.swift */; };
/* End PBXBuildFile section */

/* Begin PBXFileReference section */
		1E079E072434E50A00F95DCB /* Project28.app */ = {isa = PBXFileReference; explicitFileType = wrapper.application; includeInIndex = 0; path = Project28.app; sourceTree = BUILT_PRODUCTS_DIR; };
		1E079E0A2434E50A00F95DCB /* AppDelegate.swift */ = {isa = PBXFileReference; lastKnownFileType = sourcecode.swift; path = AppDelegate.swift; sourceTree = "<group>"; };
		1E079E0C2434E50A00F95DCB /* ViewController.swift */ = {isa = PBXFileReference; lastKnownFileType = sourcecode.swift; path = ViewController.swift; sourceTree = "<group>"; };
		1E079E0F2434E50A00F95DCB /* Base */ = {isa = PBXFileReference; lastKnownFileType = file.storyboard; name = Base; path = Base.lproj/Main.storyboard; sourceTree = "<group>"; };
		1E079E112434E50B00F95DCB /* Assets.xcassets */ = {isa = PBXFileReference; lastKnownFileType = folder.assetcatalog; path = Assets.xcassets; sourceTree = "<group>"; };
		1E079E142434E50B00F95DCB /* Base */ = {isa = PBXFileReference; lastKnownFileType = file.storyboard; name = Base; path = Base.lproj/LaunchScreen.storyboard; sourceTree = "<group>"; };
		1E079E162434E50B00F95DCB /* Info.plist */ = {isa = PBXFileReference; lastKnownFileType = text.plist.xml; path = Info.plist; sourceTree = "<group>"; };
		1E1FFDE6243B8D100068B0CF /* KeychainWrapper.swift */ = {isa = PBXFileReference; fileEncoding = 4; lastKnownFileType = sourcecode.swift; path = KeychainWrapper.swift; sourceTree = "<group>"; };
		1E1FFDE7243B8D100068B0CF /* KeychainItemAccessibility.swift */ = {isa = PBXFileReference; fileEncoding = 4; lastKnownFileType = sourcecode.swift; path = KeychainItemAccessibility.swift; sourceTree = "<group>"; };
/* End PBXFileReference section */

/* Begin PBXFrameworksBuildPhase section */
		1E079E042434E50A00F95DCB /* Frameworks */ = {
			isa = PBXFrameworksBuildPhase;
			buildActionMask = 2147483647;
			files = (
			);
			runOnlyForDeploymentPostprocessing = 0;
		};
/* End PBXFrameworksBuildPhase section */

/* Begin PBXGroup section */
		1E079DFE2434E50A00F95DCB = {
			isa = PBXGroup;
			children = (
				1E079E092434E50A00F95DCB /* Project28 */,
				1E079E082434E50A00F95DCB /* Products */,
			);
			sourceTree = "<group>";
		};
		1E079E082434E50A00F95DCB /* Products */ = {
			isa = PBXGroup;
			children = (
				1E079E072434E50A00F95DCB /* Project28.app */,
			);
			name = Products;
			sourceTree = "<group>";
		};
		1E079E092434E50A00F95DCB /* Project28 */ = {
			isa = PBXGroup;
			children = (
				1E079E0A2434E50A00F95DCB /* AppDelegate.swift */,
				1E079E0C2434E50A00F95DCB /* ViewController.swift */,
				1E079E0E2434E50A00F95DCB /* Main.storyboard */,
				1E079E112434E50B00F95DCB /* Assets.xcassets */,
				1E079E132434E50B00F95DCB /* LaunchScreen.storyboard */,
				1E079E162434E50B00F95DCB /* Info.plist */,
				1E1FFDE7243B8D100068B0CF /* KeychainItemAccessibility.swift */,
				1E1FFDE6243B8D100068B0CF /* KeychainWrapper.swift */,
			);
			path = Project28;
			sourceTree = "<group>";
		};
/* End PBXGroup section */

/* Begin PBXNativeTarget section */
		1E079E062434E50A00F95DCB /* Project28 */ = {
			isa = PBXNativeTarget;
			buildConfigurationList = 1E079E192434E50B00F95DCB /* Build configuration list for PBXNativeTarget "Project28" */;
			buildPhases = (
				1E079E032434E50A00F95DCB /* Sources */,
				1E079E042434E50A00F95DCB /* Frameworks */,
				1E079E052434E50A00F95DCB /* Resources */,
			);
			buildRules = (
			);
			dependencies = (
			);
			name = Project28;
			productName = Project28;
			productReference = 1E079E072434E50A00F95DCB /* Project28.app */;
			productType = "com.apple.product-type.application";
		};
/* End PBXNativeTarget section */

/* Begin PBXProject section */
		1E079DFF2434E50A00F95DCB /* Project object */ = {
			isa = PBXProject;
			attributes = {
				LastSwiftUpdateCheck = 1020;
				LastUpgradeCheck = 1020;
				ORGANIZATIONNAME = "Ashraf Dewan";
				TargetAttributes = {
					1E079E062434E50A00F95DCB = {
						CreatedOnToolsVersion = 10.2;
					};
				};
			};
			buildConfigurationList = 1E079E022434E50A00F95DCB /* Build configuration list for PBXProject "Project28" */;
			compatibilityVersion = "Xcode 9.3";
			developmentRegion = en;
			hasScannedForEncodings = 0;
			knownRegions = (
				en,
				Base,
			);
			mainGroup = 1E079DFE2434E50A00F95DCB;
			productRefGroup = 1E079E082434E50A00F95DCB /* Products */;
			projectDirPath = "";
			projectRoot = "";
			targets = (
				1E079E062434E50A00F95DCB /* Project28 */,
			);
		};
/* End PBXProject section */

/* Begin PBXResourcesBuildPhase section */
		1E079E052434E50A00F95DCB /* Resources */ = {
			isa = PBXResourcesBuildPhase;
			buildActionMask = 2147483647;
			files = (
				1E079E152434E50B00F95DCB /* LaunchScreen.storyboard in Resources */,
				1E079E122434E50B00F95DCB /* Assets.xcassets in Resources */,
				1E079E102434E50A00F95DCB /* Main.storyboard in Resources */,
			);
			runOnlyForDeploymentPostprocessing = 0;
		};
/* End PBXResourcesBuildPhase section */

/* Begin PBXSourcesBuildPhase section */
		1E079E032434E50A00F95DCB /* Sources */ = {
			isa = PBXSourcesBuildPhase;
			buildActionMask = 2147483647;
			files = (
				1E1FFDE8243B8D100068B0CF /* KeychainWrapper.swift in Sources */,
				1E1FFDE9243B8D100068B0CF /* KeychainItemAccessibility.swift in Sources */,
				1E079E0D2434E50A00F95DCB /* ViewController.swift in Sources */,
				1E079E0B2434E50A00F95DCB /* AppDelegate.swift in Sources */,
			);
			runOnlyForDeploymentPostprocessing = 0;
		};
/* End PBXSourcesBuildPhase section */

/* Begin PBXVariantGroup section */
		1E079E0E2434E50A00F95DCB /* Main.storyboard */ = {
			isa = PBXVariantGroup;
			children = (
				1E079E0F2434E50A00F95DCB /* Base */,
			);
			name = Main.storyboard;
			sourceTree = "<group>";
		};
		1E079E132434E50B00F95DCB /* LaunchScreen.storyboard */ = {
			isa = PBXVariantGroup;
			children = (
				1E079E142434E50B00F95DCB /* Base */,
			);
			name = LaunchScreen.storyboard;
			sourceTree = "<group>";
		};
/* End PBXVariantGroup section */

/* Begin XCBuildConfiguration section */
		1E079E172434E50B00F95DCB /* Debug */ = {
			isa = XCBuildConfiguration;
			buildSettings = {
				ALWAYS_SEARCH_USER_PATHS = NO;
				CLANG_ANALYZER_NONNULL = YES;
				CLANG_ANALYZER_NUMBER_OBJECT_CONVERSION = YES_AGGRESSIVE;
				CLANG_CXX_LANGUAGE_STANDARD = "gnu++14";
				CLANG_CXX_LIBRARY = "libc++";
				CLANG_ENABLE_MODULES = YES;
				CLANG_ENABLE_OBJC_ARC = YES;
				CLANG_ENABLE_OBJC_WEAK = YES;
				CLANG_WARN_BLOCK_CAPTURE_AUTORELEASING = YES;
				CLANG_WARN_BOOL_CONVERSION = YES;
				CLANG_WARN_COMMA = YES;
				CLANG_WARN_CONSTANT_CONVERSION = YES;
				CLANG_WARN_DEPRECATED_OBJC_IMPLEMENTATIONS = YES;
				CLANG_WARN_DIRECT_OBJC_ISA_USAGE = YES_ERROR;
				CLANG_WARN_DOCUMENTATION_COMMENTS = YES;
				CLANG_WARN_EMPTY_BODY = YES;
				CLANG_WARN_ENUM_CONVERSION = YES;
				CLANG_WARN_INFINITE_RECURSION = YES;
				CLANG_WARN_INT_CONVERSION = YES;
				CLANG_WARN_NON_LITERAL_NULL_CONVERSION = YES;
				CLANG_WARN_OBJC_IMPLICIT_RETAIN_SELF = YES;
				CLANG_WARN_OBJC_LITERAL_CONVERSION = YES;
				CLANG_WARN_OBJC_ROOT_CLASS = YES_ERROR;
				CLANG_WARN_RANGE_LOOP_ANALYSIS = YES;
				CLANG_WARN_STRICT_PROTOTYPES = YES;
				CLANG_WARN_SUSPICIOUS_MOVE = YES;
				CLANG_WARN_UNGUARDED_AVAILABILITY = YES_AGGRESSIVE;
				CLANG_WARN_UNREACHABLE_CODE = YES;
				CLANG_WARN__DUPLICATE_METHOD_MATCH = YES;
				CODE_SIGN_IDENTITY = "iPhone Developer";
				COPY_PHASE_STRIP = NO;
				DEBUG_INFORMATION_FORMAT = dwarf;
				ENABLE_STRICT_OBJC_MSGSEND = YES;
				ENABLE_TESTABILITY = YES;
				GCC_C_LANGUAGE_STANDARD = gnu11;
				GCC_DYNAMIC_NO_PIC = NO;
				GCC_NO_COMMON_BLOCKS = YES;
				GCC_OPTIMIZATION_LEVEL = 0;
				GCC_PREPROCESSOR_DEFINITIONS = (
					"DEBUG=1",
					"$(inherited)",
				);
				GCC_WARN_64_TO_32_BIT_CONVERSION = YES;
				GCC_WARN_ABOUT_RETURN_TYPE = YES_ERROR;
				GCC_WARN_UNDECLARED_SELECTOR = YES;
				GCC_WARN_UNINITIALIZED_AUTOS = YES_AGGRESSIVE;
				GCC_WARN_UNUSED_FUNCTION = YES;
				GCC_WARN_UNUSED_VARIABLE = YES;
				IPHONEOS_DEPLOYMENT_TARGET = 12.2;
				MTL_ENABLE_DEBUG_INFO = INCLUDE_SOURCE;
				MTL_FAST_MATH = YES;
				ONLY_ACTIVE_ARCH = YES;
				SDKROOT = iphoneos;
				SWIFT_ACTIVE_COMPILATION_CONDITIONS = DEBUG;
				SWIFT_OPTIMIZATION_LEVEL = "-Onone";
			};
			name = Debug;
		};
		1E079E182434E50B00F95DCB /* Release */ = {
			isa = XCBuildConfiguration;
			buildSettings = {
				ALWAYS_SEARCH_USER_PATHS = NO;
				CLANG_ANALYZER_NONNULL = YES;
				CLANG_ANALYZER_NUMBER_OBJECT_CONVERSION = YES_AGGRESSIVE;
				CLANG_CXX_LANGUAGE_STANDARD = "gnu++14";
				CLANG_CXX_LIBRARY = "libc++";
				CLANG_ENABLE_MODULES = YES;
				CLANG_ENABLE_OBJC_ARC = YES;
				CLANG_ENABLE_OBJC_WEAK = YES;
				CLANG_WARN_BLOCK_CAPTURE_AUTORELEASING = YES;
				CLANG_WARN_BOOL_CONVERSION = YES;
				CLANG_WARN_COMMA = YES;
				CLANG_WARN_CONSTANT_CONVERSION = YES;
				CLANG_WARN_DEPRECATED_OBJC_IMPLEMENTATIONS = YES;
				CLANG_WARN_DIRECT_OBJC_ISA_USAGE = YES_ERROR;
				CLANG_WARN_DOCUMENTATION_COMMENTS = YES;
				CLANG_WARN_EMPTY_BODY = YES;
				CLANG_WARN_ENUM_CONVERSION = YES;
				CLANG_WARN_INFINITE_RECURSION = YES;
				CLANG_WARN_INT_CONVERSION = YES;
				CLANG_WARN_NON_LITERAL_NULL_CONVERSION = YES;
				CLANG_WARN_OBJC_IMPLICIT_RETAIN_SELF = YES;
				CLANG_WARN_OBJC_LITERAL_CONVERSION = YES;
				CLANG_WARN_OBJC_ROOT_CLASS = YES_ERROR;
				CLANG_WARN_RANGE_LOOP_ANALYSIS = YES;
				CLANG_WARN_STRICT_PROTOTYPES = YES;
				CLANG_WARN_SUSPICIOUS_MOVE = YES;
				CLANG_WARN_UNGUARDED_AVAILABILITY = YES_AGGRESSIVE;
				CLANG_WARN_UNREACHABLE_CODE = YES;
				CLANG_WARN__DUPLICATE_METHOD_MATCH = YES;
				CODE_SIGN_IDENTITY = "iPhone Developer";
				COPY_PHASE_STRIP = NO;
				DEBUG_INFORMATION_FORMAT = "dwarf-with-dsym";
				ENABLE_NS_ASSERTIONS = NO;
				ENABLE_STRICT_OBJC_MSGSEND = YES;
				GCC_C_LANGUAGE_STANDARD = gnu11;
				GCC_NO_COMMON_BLOCKS = YES;
				GCC_WARN_64_TO_32_BIT_CONVERSION = YES;
				GCC_WARN_ABOUT_RETURN_TYPE = YES_ERROR;
				GCC_WARN_UNDECLARED_SELECTOR = YES;
				GCC_WARN_UNINITIALIZED_AUTOS = YES_AGGRESSIVE;
				GCC_WARN_UNUSED_FUNCTION = YES;
				GCC_WARN_UNUSED_VARIABLE = YES;
				IPHONEOS_DEPLOYMENT_TARGET = 12.2;
				MTL_ENABLE_DEBUG_INFO = NO;
				MTL_FAST_MATH = YES;
				SDKROOT = iphoneos;
				SWIFT_COMPILATION_MODE = wholemodule;
				SWIFT_OPTIMIZATION_LEVEL = "-O";
				VALIDATE_PRODUCT = YES;
			};
			name = Release;
		};
		1E079E1A2434E50B00F95DCB /* Debug */ = {
			isa = XCBuildConfiguration;
			buildSettings = {
				ASSETCATALOG_COMPILER_APPICON_NAME = AppIcon;
				CODE_SIGN_STYLE = Automatic;
				INFOPLIST_FILE = Project28/Info.plist;
				LD_RUNPATH_SEARCH_PATHS = (
					"$(inherited)",
					"@executable_path/Frameworks",
				);
				PRODUCT_BUNDLE_IDENTIFIER = com.example.Project28;
				PRODUCT_NAME = "$(TARGET_NAME)";
				SWIFT_VERSION = 5.0;
				TARGETED_DEVICE_FAMILY = "1,2";
			};
			name = Debug;
		};
		1E079E1B2434E50B00F95DCB /* Release */ = {
			isa = XCBuildConfiguration;
			buildSettings = {
				ASSETCATALOG_COMPILER_APPICON_NAME = AppIcon;
				CODE_SIGN_STYLE = Automatic;
				INFOPLIST_FILE = Project28/Info.plist;
				LD_RUNPATH_SEARCH_PATHS = (
					"$(inherited)",
					"@executable_path/Frameworks",
				);
				PRODUCT_BUNDLE_IDENTIFIER = com.example.Project28;
				PRODUCT_NAME = "$(TARGET_NAME)";
				SWIFT_VERSION = 5.0;
				TARGETED_DEVICE_FAMILY = "1,2";
			};
			name = Release;
		};
/* End XCBuildConfiguration section */

/* Begin XCConfigurationList section */
		1E079E022434E50A00F95DCB /* Build configuration list for PBXProject "Project28" */ = {
			isa = XCConfigurationList;
			buildConfigurations = (
				1E079E172434E50B00F95DCB /* Debug */,
				1E079E182434E50B00F95DCB /* Release */,
			);
			defaultConfigurationIsVisible = 0;
			defaultConfigurationName = Release;
		};
		1E079E192434E50B00F95DCB /* Build configuration list for PBXNativeTarget "Project28" */ = {
			isa = XCConfigurationList;
			buildConfigurations = (
				1E079E1A2434E50B00F95DCB /* Debug */,
				1E079E1B2434E50B00F95DCB /* Release */,
			);
			defaultConfigurationIsVisible = 0;
			defaultConfigurationName = Release;
		};
/* End XCConfigurationList section */
	};
	rootObject = 1E079DFF2434E50A00F95DCB /* Project object */;
}
