// !$*UTF8*$!
{
	archiveVersion = 1;
	classes = {
	};
	objectVersion = 50;
	objects = {

/* Begin PBXBuildFile section */
		1E836C4324463F8E000C0342 /* mudEmitter.sks in Resources */ = {isa = PBXBuildFile; fileRef = 1E836C4124463F8E000C0342 /* mudEmitter.sks */; };
		1E836C4424463F8E000C0342 /* smokeEmitter.sks in Resources */ = {isa = PBXBuildFile; fileRef = 1E836C4224463F8E000C0342 /* smokeEmitter.sks */; };
		DC45D35323F070BC00211795 /* gameOver.mp3 in Resources */ = {isa = PBXBuildFile; fileRef = DC45D35223F070BC00211795 /* gameOver.mp3 */; };
		DC47556923EF2B750003449F /* WhackSlot.swift in Sources */ = {isa = PBXBuildFile; fileRef = DC47556823EF2B750003449F /* WhackSlot.swift */; };
		DC4C201923EF23780058ED6E /* AppDelegate.swift in Sources */ = {isa = PBXBuildFile; fileRef = DC4C201823EF23780058ED6E /* AppDelegate.swift */; };
		DC4C201B23EF23780058ED6E /* GameScene.sks in Resources */ = {isa = PBXBuildFile; fileRef = DC4C201A23EF23780058ED6E /* GameScene.sks */; };
		DC4C201F23EF23780058ED6E /* GameScene.swift in Sources */ = {isa = PBXBuildFile; fileRef = DC4C201E23EF23780058ED6E /* GameScene.swift */; };
		DC4C202123EF23780058ED6E /* GameViewController.swift in Sources */ = {isa = PBXBuildFile; fileRef = DC4C202023EF23780058ED6E /* GameViewController.swift */; };
		DC4C202423EF23780058ED6E /* Main.storyboard in Resources */ = {isa = PBXBuildFile; fileRef = DC4C202223EF23780058ED6E /* Main.storyboard */; };
		DC4C202623EF23790058ED6E /* Assets.xcassets in Resources */ = {isa = PBXBuildFile; fileRef = DC4C202523EF23790058ED6E /* Assets.xcassets */; };
		DC4C202923EF23790058ED6E /* LaunchScreen.storyboard in Resources */ = {isa = PBXBuildFile; fileRef = DC4C202723EF23790058ED6E /* LaunchScreen.storyboard */; };
		DC4C203223EF24A20058ED6E /* whack.caf in Resources */ = {isa = PBXBuildFile; fileRef = DC4C203023EF24A20058ED6E /* whack.caf */; };
		DC4C203323EF24A20058ED6E /* whackBad.caf in Resources */ = {isa = PBXBuildFile; fileRef = DC4C203123EF24A20058ED6E /* whackBad.caf */; };
/* End PBXBuildFile section */

/* Begin PBXFileReference section */
		1E836C4124463F8E000C0342 /* mudEmitter.sks */ = {isa = PBXFileReference; lastKnownFileType = file.sks; path = mudEmitter.sks; sourceTree = "<group>"; };
		1E836C4224463F8E000C0342 /* smokeEmitter.sks */ = {isa = PBXFileReference; lastKnownFileType = file.sks; path = smokeEmitter.sks; sourceTree = "<group>"; };
		DC45D35223F070BC00211795 /* gameOver.mp3 */ = {isa = PBXFileReference; lastKnownFileType = audio.mp3; path = gameOver.mp3; sourceTree = "<group>"; };
		DC47556823EF2B750003449F /* WhackSlot.swift */ = {isa = PBXFileReference; lastKnownFileType = sourcecode.swift; path = WhackSlot.swift; sourceTree = "<group>"; };
		DC4C201523EF23780058ED6E /* Project14.app */ = {isa = PBXFileReference; explicitFileType = wrapper.application; includeInIndex = 0; path = Project14.app; sourceTree = BUILT_PRODUCTS_DIR; };
		DC4C201823EF23780058ED6E /* AppDelegate.swift */ = {isa = PBXFileReference; lastKnownFileType = sourcecode.swift; path = AppDelegate.swift; sourceTree = "<group>"; };
		DC4C201A23EF23780058ED6E /* GameScene.sks */ = {isa = PBXFileReference; lastKnownFileType = file.sks; path = GameScene.sks; sourceTree = "<group>"; };
		DC4C201E23EF23780058ED6E /* GameScene.swift */ = {isa = PBXFileReference; lastKnownFileType = sourcecode.swift; path = GameScene.swift; sourceTree = "<group>"; };
		DC4C202023EF23780058ED6E /* GameViewController.swift */ = {isa = PBXFileReference; lastKnownFileType = sourcecode.swift; path = GameViewController.swift; sourceTree = "<group>"; };
		DC4C202323EF23780058ED6E /* Base */ = {isa = PBXFileReference; lastKnownFileType = file.storyboard; name = Base; path = Base.lproj/Main.storyboard; sourceTree = "<group>"; };
		DC4C202523EF23790058ED6E /* Assets.xcassets */ = {isa = PBXFileReference; lastKnownFileType = folder.assetcatalog; path = Assets.xcassets; sourceTree = "<group>"; };
		DC4C202823EF23790058ED6E /* Base */ = {isa = PBXFileReference; lastKnownFileType = file.storyboard; name = Base; path = Base.lproj/LaunchScreen.storyboard; sourceTree = "<group>"; };
		DC4C202A23EF23790058ED6E /* Info.plist */ = {isa = PBXFileReference; lastKnownFileType = text.plist.xml; path = Info.plist; sourceTree = "<group>"; };
		DC4C203023EF24A20058ED6E /* whack.caf */ = {isa = PBXFileReference; lastKnownFileType = file; path = whack.caf; sourceTree = "<group>"; };
		DC4C203123EF24A20058ED6E /* whackBad.caf */ = {isa = PBXFileReference; lastKnownFileType = file; path = whackBad.caf; sourceTree = "<group>"; };
/* End PBXFileReference section */

/* Begin PBXFrameworksBuildPhase section */
		DC4C201223EF23780058ED6E /* Frameworks */ = {
			isa = PBXFrameworksBuildPhase;
			buildActionMask = 2147483647;
			files = (
			);
			runOnlyForDeploymentPostprocessing = 0;
		};
/* End PBXFrameworksBuildPhase section */

/* Begin PBXGroup section */
		DC4C200C23EF23780058ED6E = {
			isa = PBXGroup;
			children = (
				DC4C201723EF23780058ED6E /* Project14 */,
				DC4C201623EF23780058ED6E /* Products */,
			);
			sourceTree = "<group>";
		};
		DC4C201623EF23780058ED6E /* Products */ = {
			isa = PBXGroup;
			children = (
				DC4C201523EF23780058ED6E /* Project14.app */,
			);
			name = Products;
			sourceTree = "<group>";
		};
		DC4C201723EF23780058ED6E /* Project14 */ = {
			isa = PBXGroup;
			children = (
				DC4C201823EF23780058ED6E /* AppDelegate.swift */,
				DC4C201A23EF23780058ED6E /* GameScene.sks */,
				DC4C201E23EF23780058ED6E /* GameScene.swift */,
				DC4C202023EF23780058ED6E /* GameViewController.swift */,
				DC47556823EF2B750003449F /* WhackSlot.swift */,
				DC4C202223EF23780058ED6E /* Main.storyboard */,
				DC4C202523EF23790058ED6E /* Assets.xcassets */,
				DC4C202723EF23790058ED6E /* LaunchScreen.storyboard */,
				DC4C202A23EF23790058ED6E /* Info.plist */,
				DC4C203023EF24A20058ED6E /* whack.caf */,
				DC4C203123EF24A20058ED6E /* whackBad.caf */,
				DC45D35223F070BC00211795 /* gameOver.mp3 */,
				1E836C4224463F8E000C0342 /* smokeEmitter.sks */,
				1E836C4124463F8E000C0342 /* mudEmitter.sks */,
			);
			path = Project14;
			sourceTree = "<group>";
		};
/* End PBXGroup section */

/* Begin PBXNativeTarget section */
		DC4C201423EF23780058ED6E /* Project14 */ = {
			isa = PBXNativeTarget;
			buildConfigurationList = DC4C202D23EF23790058ED6E /* Build configuration list for PBXNativeTarget "Project14" */;
			buildPhases = (
				DC4C201123EF23780058ED6E /* Sources */,
				DC4C201223EF23780058ED6E /* Frameworks */,
				DC4C201323EF23780058ED6E /* Resources */,
			);
			buildRules = (
			);
			dependencies = (
			);
			name = Project14;
			productName = Project14;
			productReference = DC4C201523EF23780058ED6E /* Project14.app */;
			productType = "com.apple.product-type.application";
		};
/* End PBXNativeTarget section */

/* Begin PBXProject section */
		DC4C200D23EF23780058ED6E /* Project object */ = {
			isa = PBXProject;
			attributes = {
				LastSwiftUpdateCheck = 1020;
				LastUpgradeCheck = 1020;
				ORGANIZATIONNAME = "Ashraf Dewan";
				TargetAttributes = {
					DC4C201423EF23780058ED6E = {
						CreatedOnToolsVersion = 10.2;
					};
				};
			};
			buildConfigurationList = DC4C201023EF23780058ED6E /* Build configuration list for PBXProject "Project14" */;
			compatibilityVersion = "Xcode 9.3";
			developmentRegion = en;
			hasScannedForEncodings = 0;
			knownRegions = (
				en,
				Base,
			);
			mainGroup = DC4C200C23EF23780058ED6E;
			productRefGroup = DC4C201623EF23780058ED6E /* Products */;
			projectDirPath = "";
			projectRoot = "";
			targets = (
				DC4C201423EF23780058ED6E /* Project14 */,
			);
		};
/* End PBXProject section */

/* Begin PBXResourcesBuildPhase section */
		DC4C201323EF23780058ED6E /* Resources */ = {
			isa = PBXResourcesBuildPhase;
			buildActionMask = 2147483647;
			files = (
				DC4C202423EF23780058ED6E /* Main.storyboard in Resources */,
				DC4C203223EF24A20058ED6E /* whack.caf in Resources */,
				1E836C4424463F8E000C0342 /* smokeEmitter.sks in Resources */,
				DC45D35323F070BC00211795 /* gameOver.mp3 in Resources */,
				DC4C201B23EF23780058ED6E /* GameScene.sks in Resources */,
				DC4C202623EF23790058ED6E /* Assets.xcassets in Resources */,
				1E836C4324463F8E000C0342 /* mudEmitter.sks in Resources */,
				DC4C202923EF23790058ED6E /* LaunchScreen.storyboard in Resources */,
				DC4C203323EF24A20058ED6E /* whackBad.caf in Resources */,
			);
			runOnlyForDeploymentPostprocessing = 0;
		};
/* End PBXResourcesBuildPhase section */

/* Begin PBXSourcesBuildPhase section */
		DC4C201123EF23780058ED6E /* Sources */ = {
			isa = PBXSourcesBuildPhase;
			buildActionMask = 2147483647;
			files = (
				DC4C201F23EF23780058ED6E /* GameScene.swift in Sources */,
				DC4C202123EF23780058ED6E /* GameViewController.swift in Sources */,
				DC47556923EF2B750003449F /* WhackSlot.swift in Sources */,
				DC4C201923EF23780058ED6E /* AppDelegate.swift in Sources */,
			);
			runOnlyForDeploymentPostprocessing = 0;
		};
/* End PBXSourcesBuildPhase section */

/* Begin PBXVariantGroup section */
		DC4C202223EF23780058ED6E /* Main.storyboard */ = {
			isa = PBXVariantGroup;
			children = (
				DC4C202323EF23780058ED6E /* Base */,
			);
			name = Main.storyboard;
			sourceTree = "<group>";
		};
		DC4C202723EF23790058ED6E /* LaunchScreen.storyboard */ = {
			isa = PBXVariantGroup;
			children = (
				DC4C202823EF23790058ED6E /* Base */,
			);
			name = LaunchScreen.storyboard;
			sourceTree = "<group>";
		};
/* End PBXVariantGroup section */

/* Begin XCBuildConfiguration section */
		DC4C202B23EF23790058ED6E /* Debug */ = {
			isa = XCBuildConfiguration;
			buildSettings = {
				ALWAYS_SEARCH_USER_PATHS = NO;
				CLANG_ANALYZER_NONNULL = YES;
				CLANG_ANALYZER_NUMBER_OBJECT_CONVERSION = YES_AGGRESSIVE;
				CLANG_CXX_LANGUAGE_STANDARD = "gnu++14";
				CLANG_CXX_LIBRARY = "libc++";
				CLANG_ENABLE_MODULES = YES;
				CLANG_ENABLE_OBJC_ARC = YES;
				CLANG_ENABLE_OBJC_WEAK = YES;
				CLANG_WARN_BLOCK_CAPTURE_AUTORELEASING = YES;
				CLANG_WARN_BOOL_CONVERSION = YES;
				CLANG_WARN_COMMA = YES;
				CLANG_WARN_CONSTANT_CONVERSION = YES;
				CLANG_WARN_DEPRECATED_OBJC_IMPLEMENTATIONS = YES;
				CLANG_WARN_DIRECT_OBJC_ISA_USAGE = YES_ERROR;
				CLANG_WARN_DOCUMENTATION_COMMENTS = YES;
				CLANG_WARN_EMPTY_BODY = YES;
				CLANG_WARN_ENUM_CONVERSION = YES;
				CLANG_WARN_INFINITE_RECURSION = YES;
				CLANG_WARN_INT_CONVERSION = YES;
				CLANG_WARN_NON_LITERAL_NULL_CONVERSION = YES;
				CLANG_WARN_OBJC_IMPLICIT_RETAIN_SELF = YES;
				CLANG_WARN_OBJC_LITERAL_CONVERSION = YES;
				CLANG_WARN_OBJC_ROOT_CLASS = YES_ERROR;
				CLANG_WARN_RANGE_LOOP_ANALYSIS = YES;
				CLANG_WARN_STRICT_PROTOTYPES = YES;
				CLANG_WARN_SUSPICIOUS_MOVE = YES;
				CLANG_WARN_UNGUARDED_AVAILABILITY = YES_AGGRESSIVE;
				CLANG_WARN_UNREACHABLE_CODE = YES;
				CLANG_WARN__DUPLICATE_METHOD_MATCH = YES;
				CODE_SIGN_IDENTITY = "iPhone Developer";
				COPY_PHASE_STRIP = NO;
				DEBUG_INFORMATION_FORMAT = dwarf;
				ENABLE_STRICT_OBJC_MSGSEND = YES;
				ENABLE_TESTABILITY = YES;
				GCC_C_LANGUAGE_STANDARD = gnu11;
				GCC_DYNAMIC_NO_PIC = NO;
				GCC_NO_COMMON_BLOCKS = YES;
				GCC_OPTIMIZATION_LEVEL = 0;
				GCC_PREPROCESSOR_DEFINITIONS = (
					"DEBUG=1",
					"$(inherited)",
				);
				GCC_WARN_64_TO_32_BIT_CONVERSION = YES;
				GCC_WARN_ABOUT_RETURN_TYPE = YES_ERROR;
				GCC_WARN_UNDECLARED_SELECTOR = YES;
				GCC_WARN_UNINITIALIZED_AUTOS = YES_AGGRESSIVE;
				GCC_WARN_UNUSED_FUNCTION = YES;
				GCC_WARN_UNUSED_VARIABLE = YES;
				IPHONEOS_DEPLOYMENT_TARGET = 12.2;
				MTL_ENABLE_DEBUG_INFO = INCLUDE_SOURCE;
				MTL_FAST_MATH = YES;
				ONLY_ACTIVE_ARCH = YES;
				SDKROOT = iphoneos;
				SWIFT_ACTIVE_COMPILATION_CONDITIONS = DEBUG;
				SWIFT_OPTIMIZATION_LEVEL = "-Onone";
			};
			name = Debug;
		};
		DC4C202C23EF23790058ED6E /* Release */ = {
			isa = XCBuildConfiguration;
			buildSettings = {
				ALWAYS_SEARCH_USER_PATHS = NO;
				CLANG_ANALYZER_NONNULL = YES;
				CLANG_ANALYZER_NUMBER_OBJECT_CONVERSION = YES_AGGRESSIVE;
				CLANG_CXX_LANGUAGE_STANDARD = "gnu++14";
				CLANG_CXX_LIBRARY = "libc++";
				CLANG_ENABLE_MODULES = YES;
				CLANG_ENABLE_OBJC_ARC = YES;
				CLANG_ENABLE_OBJC_WEAK = YES;
				CLANG_WARN_BLOCK_CAPTURE_AUTORELEASING = YES;
				CLANG_WARN_BOOL_CONVERSION = YES;
				CLANG_WARN_COMMA = YES;
				CLANG_WARN_CONSTANT_CONVERSION = YES;
				CLANG_WARN_DEPRECATED_OBJC_IMPLEMENTATIONS = YES;
				CLANG_WARN_DIRECT_OBJC_ISA_USAGE = YES_ERROR;
				CLANG_WARN_DOCUMENTATION_COMMENTS = YES;
				CLANG_WARN_EMPTY_BODY = YES;
				CLANG_WARN_ENUM_CONVERSION = YES;
				CLANG_WARN_INFINITE_RECURSION = YES;
				CLANG_WARN_INT_CONVERSION = YES;
				CLANG_WARN_NON_LITERAL_NULL_CONVERSION = YES;
				CLANG_WARN_OBJC_IMPLICIT_RETAIN_SELF = YES;
				CLANG_WARN_OBJC_LITERAL_CONVERSION = YES;
				CLANG_WARN_OBJC_ROOT_CLASS = YES_ERROR;
				CLANG_WARN_RANGE_LOOP_ANALYSIS = YES;
				CLANG_WARN_STRICT_PROTOTYPES = YES;
				CLANG_WARN_SUSPICIOUS_MOVE = YES;
				CLANG_WARN_UNGUARDED_AVAILABILITY = YES_AGGRESSIVE;
				CLANG_WARN_UNREACHABLE_CODE = YES;
				CLANG_WARN__DUPLICATE_METHOD_MATCH = YES;
				CODE_SIGN_IDENTITY = "iPhone Developer";
				COPY_PHASE_STRIP = NO;
				DEBUG_INFORMATION_FORMAT = "dwarf-with-dsym";
				ENABLE_NS_ASSERTIONS = NO;
				ENABLE_STRICT_OBJC_MSGSEND = YES;
				GCC_C_LANGUAGE_STANDARD = gnu11;
				GCC_NO_COMMON_BLOCKS = YES;
				GCC_WARN_64_TO_32_BIT_CONVERSION = YES;
				GCC_WARN_ABOUT_RETURN_TYPE = YES_ERROR;
				GCC_WARN_UNDECLARED_SELECTOR = YES;
				GCC_WARN_UNINITIALIZED_AUTOS = YES_AGGRESSIVE;
				GCC_WARN_UNUSED_FUNCTION = YES;
				GCC_WARN_UNUSED_VARIABLE = YES;
				IPHONEOS_DEPLOYMENT_TARGET = 12.2;
				MTL_ENABLE_DEBUG_INFO = NO;
				MTL_FAST_MATH = YES;
				SDKROOT = iphoneos;
				SWIFT_COMPILATION_MODE = wholemodule;
				SWIFT_OPTIMIZATION_LEVEL = "-O";
				VALIDATE_PRODUCT = YES;
			};
			name = Release;
		};
		DC4C202E23EF23790058ED6E /* Debug */ = {
			isa = XCBuildConfiguration;
			buildSettings = {
				ASSETCATALOG_COMPILER_APPICON_NAME = AppIcon;
				CODE_SIGN_STYLE = Automatic;
				INFOPLIST_FILE = Project14/Info.plist;
				LD_RUNPATH_SEARCH_PATHS = (
					"$(inherited)",
					"@executable_path/Frameworks",
				);
				PRODUCT_BUNDLE_IDENTIFIER = com.example.Project14;
				PRODUCT_NAME = "$(TARGET_NAME)";
				SWIFT_VERSION = 5.0;
				TARGETED_DEVICE_FAMILY = 2;
			};
			name = Debug;
		};
		DC4C202F23EF23790058ED6E /* Release */ = {
			isa = XCBuildConfiguration;
			buildSettings = {
				ASSETCATALOG_COMPILER_APPICON_NAME = AppIcon;
				CODE_SIGN_STYLE = Automatic;
				INFOPLIST_FILE = Project14/Info.plist;
				LD_RUNPATH_SEARCH_PATHS = (
					"$(inherited)",
					"@executable_path/Frameworks",
				);
				PRODUCT_BUNDLE_IDENTIFIER = com.example.Project14;
				PRODUCT_NAME = "$(TARGET_NAME)";
				SWIFT_VERSION = 5.0;
				TARGETED_DEVICE_FAMILY = 2;
			};
			name = Release;
		};
/* End XCBuildConfiguration section */

/* Begin XCConfigurationList section */
		DC4C201023EF23780058ED6E /* Build configuration list for PBXProject "Project14" */ = {
			isa = XCConfigurationList;
			buildConfigurations = (
				DC4C202B23EF23790058ED6E /* Debug */,
				DC4C202C23EF23790058ED6E /* Release */,
			);
			defaultConfigurationIsVisible = 0;
			defaultConfigurationName = Release;
		};
		DC4C202D23EF23790058ED6E /* Build configuration list for PBXNativeTarget "Project14" */ = {
			isa = XCConfigurationList;
			buildConfigurations = (
				DC4C202E23EF23790058ED6E /* Debug */,
				DC4C202F23EF23790058ED6E /* Release */,
			);
			defaultConfigurationIsVisible = 0;
			defaultConfigurationName = Release;
		};
/* End XCConfigurationList section */
	};
	rootObject = DC4C200D23EF23780058ED6E /* Project object */;
}
